
Microsoft Visual Studio Solution File, Format Version 12.00
# Visual Studio Version 16
VisualStudioVersion = 16.0.30804.86
MinimumVisualStudioVersion = 10.0.40219.1
Project("{FAE04EC0-301F-11D3-BF4B-00C04F79EFBC}") = "Tax0r Query leecher", "Tax0r Query leecher\Tax0r Query leecher.csproj", "{8ECCBF1E-C7EB-4412-9963-96911BED247E}"
EndProject
Global
	GlobalSection(SolutionConfigurationPlatforms) = preSolution
		Debug|Any CPU = Debug|Any CPU
		Release|Any CPU = Release|Any CPU
	EndGlobalSection
	GlobalSection(ProjectConfigurationPlatforms) = postSolution
		{8ECCBF1E-C7EB-4412-9963-96911BED247E}.Debug|Any CPU.ActiveCfg = Debug|Any CPU
		{8ECCBF1E-C7EB-4412-9963-96911BED247E}.Debug|Any CPU.Build.0 = Debug|Any CPU
		{8ECCBF1E-C7EB-4412-9963-96911BED247E}.Release|Any CPU.ActiveCfg = Release|Any CPU
		{8ECCBF1E-C7EB-4412-9963-96911BED247E}.Release|Any CPU.Build.0 = Release|Any CPU
	EndGlobalSection
	GlobalSection(SolutionProperties) = preSolution
		HideSolutionNode = FALSE
	EndGlobalSection
	GlobalSection(ExtensibilityGlobals) = postSolution
		SolutionGuid = {709016F4-7880-46B0-9151-B69BA93BA665}
	EndGlobalSection
EndGlobal
